
Microsoft Visual Studio Solution File, Format Version 12.00
# Visual Studio Version 16
VisualStudioVersion = 16.0.30907.101
MinimumVisualStudioVersion = 10.0.40219.1
Project("{FAE04EC0-301F-11D3-BF4B-00C04F79EFBC}") = "Contact.API", "Contact\Contact.API.csproj", "{3FED1544-C0AF-4AFA-8FC5-C037C984E1CE}"
EndProject
Project("{FAE04EC0-301F-11D3-BF4B-00C04F79EFBC}") = "Statistics.API", "Statistics\Statistics.API.csproj", "{6FEA0509-9033-4132-860F-AC793B5013A2}"
EndProject
Global
	GlobalSection(SolutionConfigurationPlatforms) = preSolution
		Debug|Any CPU = Debug|Any CPU
		Release|Any CPU = Release|Any CPU
	EndGlobalSection
	GlobalSection(ProjectConfigurationPlatforms) = postSolution
		{3FED1544-C0AF-4AFA-8FC5-C037C984E1CE}.Debug|Any CPU.ActiveCfg = Debug|Any CPU
		{3FED1544-C0AF-4AFA-8FC5-C037C984E1CE}.Debug|Any CPU.Build.0 = Debug|Any CPU
		{3FED1544-C0AF-4AFA-8FC5-C037C984E1CE}.Release|Any CPU.ActiveCfg = Release|Any CPU
		{3FED1544-C0AF-4AFA-8FC5-C037C984E1CE}.Release|Any CPU.Build.0 = Release|Any CPU
		{6FEA0509-9033-4132-860F-AC793B5013A2}.Debug|Any CPU.ActiveCfg = Debug|Any CPU
		{6FEA0509-9033-4132-860F-AC793B5013A2}.Debug|Any CPU.Build.0 = Debug|Any CPU
		{6FEA0509-9033-4132-860F-AC793B5013A2}.Release|Any CPU.ActiveCfg = Release|Any CPU
		{6FEA0509-9033-4132-860F-AC793B5013A2}.Release|Any CPU.Build.0 = Release|Any CPU
	EndGlobalSection
	GlobalSection(SolutionProperties) = preSolution
		HideSolutionNode = FALSE
	EndGlobalSection
	GlobalSection(ExtensibilityGlobals) = postSolution
		SolutionGuid = {BFACFBA7-FC5D-426E-A723-9E3F6BA91D6A}
	EndGlobalSection
EndGlobal
